{
    "requires": true,
    "lockfileVersion": 1,
    "dependencies": {
        "@rocket.chat/apps-ts-definition": {
            "version": "0.9.13",
            "resolved": "https://registry.npmjs.org/@rocket.chat/apps-ts-definition/-/apps-ts-definition-0.9.13.tgz",
            "integrity": "sha512-2fqbJG8TPq19o2uZCE3UqRpNobAfAcgu0WkM8PAmhf1de459Z2gbmzbCBAsQJq6eOrGkqDry0GTzEneiCEvwZg==",
            "dev": true
        },
        "typescript": {
            "version": "2.9.2",
            "resolved": "https://registry.npmjs.org/typescript/-/typescript-2.9.2.tgz",
            "integrity": "sha512-Gr4p6nFNaoufRIY4NMdpQRNmgxVIGMs4Fcu/ujdYk3nAZqk7supzBE9idmvfZIlH/Cuj//dvi+019qEue9lV0w==",
            "dev": true
        }
    }
}
